
Microsoft Visual Studio Solution File, Format Version 12.00
# Visual Studio 14
VisualStudioVersion = 14.0.25420.1
MinimumVisualStudioVersion = 10.0.40219.1
Project("{FAE04EC0-301F-11D3-BF4B-00C04F79EFBC}") = "RrDemo-DotNet-CSharp", "lang-csharp\RrDemo-DotNet-CSharp.csproj", "{92CFA51B-95AC-4460-B0DE-15C8F92A78EC}"
EndProject
Project("{F2A71F9B-5D33-465A-A702-920D77279786}") = "RrDemo-DotNet-FSharp", "lang-fsharp\RrDemo-DotNet-FSharp.fsproj", "{D93EE941-6368-4F25-B22C-CDE4CD7B2522}"
EndProject
Global
	GlobalSection(SolutionConfigurationPlatforms) = preSolution
		Debug|Any CPU = Debug|Any CPU
		Release|Any CPU = Release|Any CPU
	EndGlobalSection
	GlobalSection(ProjectConfigurationPlatforms) = postSolution
		{92CFA51B-95AC-4460-B0DE-15C8F92A78EC}.Debug|Any CPU.ActiveCfg = Debug|Any CPU
		{92CFA51B-95AC-4460-B0DE-15C8F92A78EC}.Debug|Any CPU.Build.0 = Debug|Any CPU
		{92CFA51B-95AC-4460-B0DE-15C8F92A78EC}.Release|Any CPU.ActiveCfg = Release|Any CPU
		{92CFA51B-95AC-4460-B0DE-15C8F92A78EC}.Release|Any CPU.Build.0 = Release|Any CPU
		{D93EE941-6368-4F25-B22C-CDE4CD7B2522}.Debug|Any CPU.ActiveCfg = Debug|Any CPU
		{D93EE941-6368-4F25-B22C-CDE4CD7B2522}.Debug|Any CPU.Build.0 = Debug|Any CPU
		{D93EE941-6368-4F25-B22C-CDE4CD7B2522}.Release|Any CPU.ActiveCfg = Release|Any CPU
		{D93EE941-6368-4F25-B22C-CDE4CD7B2522}.Release|Any CPU.Build.0 = Release|Any CPU
	EndGlobalSection
	GlobalSection(SolutionProperties) = preSolution
		HideSolutionNode = FALSE
	EndGlobalSection
EndGlobal
